
Microsoft Visual Studio Solution File, Format Version 12.00
# Visual Studio 14
VisualStudioVersion = 14.0.24720.0
MinimumVisualStudioVersion = 10.0.40219.1
Project("{FAE04EC0-301F-11D3-BF4B-00C04F79EFBC}") = "VirtualizedData.Droid", "VirtualizedData\VirtualizedData.Droid\VirtualizedData.Droid.csproj", "{A33B69BE-0A35-448B-8717-D3A240627B00}"
EndProject
Project("{FAE04EC0-301F-11D3-BF4B-00C04F79EFBC}") = "VirtualizedData.iOS", "VirtualizedData\VirtualizedData.iOS\VirtualizedData.iOS.csproj", "{C9514F8F-2960-4B48-A5C8-7A2384C1E0A8}"
EndProject
Project("{FAE04EC0-301F-11D3-BF4B-00C04F79EFBC}") = "VirtualizedData.UWP", "VirtualizedData\VirtualizedData.UWP\VirtualizedData.UWP.csproj", "{D71FEB2F-6B43-46E7-AA1F-42656BF3E3A3}"
EndProject
Project("{FAE04EC0-301F-11D3-BF4B-00C04F79EFBC}") = "VirtualizedData", "VirtualizedData\VirtualizedData\VirtualizedData.csproj", "{020A0854-8260-4F30-A643-724DECC4CA40}"
EndProject
Global
	GlobalSection(SolutionConfigurationPlatforms) = preSolution
		Ad-Hoc|Any CPU = Ad-Hoc|Any CPU
		Ad-Hoc|ARM = Ad-Hoc|ARM
		Ad-Hoc|iPhone = Ad-Hoc|iPhone
		Ad-Hoc|iPhoneSimulator = Ad-Hoc|iPhoneSimulator
		Ad-Hoc|x64 = Ad-Hoc|x64
		Ad-Hoc|x86 = Ad-Hoc|x86
		AppStore|Any CPU = AppStore|Any CPU
		AppStore|ARM = AppStore|ARM
		AppStore|iPhone = AppStore|iPhone
		AppStore|iPhoneSimulator = AppStore|iPhoneSimulator
		AppStore|x64 = AppStore|x64
		AppStore|x86 = AppStore|x86
		Debug|Any CPU = Debug|Any CPU
		Debug|ARM = Debug|ARM
		Debug|iPhone = Debug|iPhone
		Debug|iPhoneSimulator = Debug|iPhoneSimulator
		Debug|x64 = Debug|x64
		Debug|x86 = Debug|x86
		Release|Any CPU = Release|Any CPU
		Release|ARM = Release|ARM
		Release|iPhone = Release|iPhone
		Release|iPhoneSimulator = Release|iPhoneSimulator
		Release|x64 = Release|x64
		Release|x86 = Release|x86
	EndGlobalSection
	GlobalSection(ProjectConfigurationPlatforms) = postSolution
		{A33B69BE-0A35-448B-8717-D3A240627B00}.Ad-Hoc|Any CPU.ActiveCfg = Release|Any CPU
		{A33B69BE-0A35-448B-8717-D3A240627B00}.Ad-Hoc|Any CPU.Build.0 = Release|Any CPU
		{A33B69BE-0A35-448B-8717-D3A240627B00}.Ad-Hoc|Any CPU.Deploy.0 = Release|Any CPU
		{A33B69BE-0A35-448B-8717-D3A240627B00}.Ad-Hoc|ARM.ActiveCfg = Release|Any CPU
		{A33B69BE-0A35-448B-8717-D3A240627B00}.Ad-Hoc|ARM.Build.0 = Release|Any CPU
		{A33B69BE-0A35-448B-8717-D3A240627B00}.Ad-Hoc|ARM.Deploy.0 = Release|Any CPU
		{A33B69BE-0A35-448B-8717-D3A240627B00}.Ad-Hoc|iPhone.ActiveCfg = Release|Any CPU
		{A33B69BE-0A35-448B-8717-D3A240627B00}.Ad-Hoc|iPhone.Build.0 = Release|Any CPU
		{A33B69BE-0A35-448B-8717-D3A240627B00}.Ad-Hoc|iPhone.Deploy.0 = Release|Any CPU
		{A33B69BE-0A35-448B-8717-D3A240627B00}.Ad-Hoc|iPhoneSimulator.ActiveCfg = Release|Any CPU
		{A33B69BE-0A35-448B-8717-D3A240627B00}.Ad-Hoc|iPhoneSimulator.Build.0 = Release|Any CPU
		{A33B69BE-0A35-448B-8717-D3A240627B00}.Ad-Hoc|iPhoneSimulator.Deploy.0 = Release|Any CPU
		{A33B69BE-0A35-448B-8717-D3A240627B00}.Ad-Hoc|x64.ActiveCfg = Release|Any CPU
		{A33B69BE-0A35-448B-8717-D3A240627B00}.Ad-Hoc|x64.Build.0 = Release|Any CPU
		{A33B69BE-0A35-448B-8717-D3A240627B00}.Ad-Hoc|x64.Deploy.0 = Release|Any CPU
		{A33B69BE-0A35-448B-8717-D3A240627B00}.Ad-Hoc|x86.ActiveCfg = Release|Any CPU
		{A33B69BE-0A35-448B-8717-D3A240627B00}.Ad-Hoc|x86.Build.0 = Release|Any CPU
		{A33B69BE-0A35-448B-8717-D3A240627B00}.Ad-Hoc|x86.Deploy.0 = Release|Any CPU
		{A33B69BE-0A35-448B-8717-D3A240627B00}.AppStore|Any CPU.ActiveCfg = Release|Any CPU
		{A33B69BE-0A35-448B-8717-D3A240627B00}.AppStore|Any CPU.Build.0 = Release|Any CPU
		{A33B69BE-0A35-448B-8717-D3A240627B00}.AppStore|Any CPU.Deploy.0 = Release|Any CPU
		{A33B69BE-0A35-448B-8717-D3A240627B00}.AppStore|ARM.ActiveCfg = Release|Any CPU
		{A33B69BE-0A35-448B-8717-D3A240627B00}.AppStore|ARM.Build.0 = Release|Any CPU
		{A33B69BE-0A35-448B-8717-D3A240627B00}.AppStore|ARM.Deploy.0 = Release|Any CPU
		{A33B69BE-0A35-448B-8717-D3A240627B00}.AppStore|iPhone.ActiveCfg = Release|Any CPU
		{A33B69BE-0A35-448B-8717-D3A240627B00}.AppStore|iPhone.Build.0 = Release|Any CPU
		{A33B69BE-0A35-448B-8717-D3A240627B00}.AppStore|iPhone.Deploy.0 = Release|Any CPU
		{A33B69BE-0A35-448B-8717-D3A240627B00}.AppStore|iPhoneSimulator.ActiveCfg = Release|Any CPU
		{A33B69BE-0A35-448B-8717-D3A240627B00}.AppStore|iPhoneSimulator.Build.0 = Release|Any CPU
		{A33B69BE-0A35-448B-8717-D3A240627B00}.AppStore|iPhoneSimulator.Deploy.0 = Release|Any CPU
		{A33B69BE-0A35-448B-8717-D3A240627B00}.AppStore|x64.ActiveCfg = Release|Any CPU
		{A33B69BE-0A35-448B-8717-D3A240627B00}.AppStore|x64.Build.0 = Release|Any CPU
		{A33B69BE-0A35-448B-8717-D3A240627B00}.AppStore|x64.Deploy.0 = Release|Any CPU
		{A33B69BE-0A35-448B-8717-D3A240627B00}.AppStore|x86.ActiveCfg = Release|Any CPU
		{A33B69BE-0A35-448B-8717-D3A240627B00}.AppStore|x86.Build.0 = Release|Any CPU
		{A33B69BE-0A35-448B-8717-D3A240627B00}.AppStore|x86.Deploy.0 = Release|Any CPU
		{A33B69BE-0A35-448B-8717-D3A240627B00}.Debug|Any CPU.ActiveCfg = Debug|Any CPU
		{A33B69BE-0A35-448B-8717-D3A240627B00}.Debug|Any CPU.Build.0 = Debug|Any CPU
		{A33B69BE-0A35-448B-8717-D3A240627B00}.Debug|Any CPU.Deploy.0 = Debug|Any CPU
		{A33B69BE-0A35-448B-8717-D3A240627B00}.Debug|ARM.ActiveCfg = Debug|Any CPU
		{A33B69BE-0A35-448B-8717-D3A240627B00}.Debug|ARM.Build.0 = Debug|Any CPU
		{A33B69BE-0A35-448B-8717-D3A240627B00}.Debug|ARM.Deploy.0 = Debug|Any CPU
		{A33B69BE-0A35-448B-8717-D3A240627B00}.Debug|iPhone.ActiveCfg = Debug|Any CPU
		{A33B69BE-0A35-448B-8717-D3A240627B00}.Debug|iPhone.Build.0 = Debug|Any CPU
		{A33B69BE-0A35-448B-8717-D3A240627B00}.Debug|iPhone.Deploy.0 = Debug|Any CPU
		{A33B69BE-0A35-448B-8717-D3A240627B00}.Debug|iPhoneSimulator.ActiveCfg = Debug|Any CPU
		{A33B69BE-0A35-448B-8717-D3A240627B00}.Debug|iPhoneSimulator.Build.0 = Debug|Any CPU
		{A33B69BE-0A35-448B-8717-D3A240627B00}.Debug|iPhoneSimulator.Deploy.0 = Debug|Any CPU
		{A33B69BE-0A35-448B-8717-D3A240627B00}.Debug|x64.ActiveCfg = Debug|Any CPU
		{A33B69BE-0A35-448B-8717-D3A240627B00}.Debug|x64.Build.0 = Debug|Any CPU
		{A33B69BE-0A35-448B-8717-D3A240627B00}.Debug|x64.Deploy.0 = Debug|Any CPU
		{A33B69BE-0A35-448B-8717-D3A240627B00}.Debug|x86.ActiveCfg = Debug|Any CPU
		{A33B69BE-0A35-448B-8717-D3A240627B00}.Debug|x86.Build.0 = Debug|Any CPU
		{A33B69BE-0A35-448B-8717-D3A240627B00}.Debug|x86.Deploy.0 = Debug|Any CPU
		{A33B69BE-0A35-448B-8717-D3A240627B00}.Release|Any CPU.ActiveCfg = Release|Any CPU
		{A33B69BE-0A35-448B-8717-D3A240627B00}.Release|Any CPU.Build.0 = Release|Any CPU
		{A33B69BE-0A35-448B-8717-D3A240627B00}.Release|Any CPU.Deploy.0 = Release|Any CPU
		{A33B69BE-0A35-448B-8717-D3A240627B00}.Release|ARM.ActiveCfg = Release|Any CPU
		{A33B69BE-0A35-448B-8717-D3A240627B00}.Release|ARM.Build.0 = Release|Any CPU
		{A33B69BE-0A35-448B-8717-D3A240627B00}.Release|ARM.Deploy.0 = Release|Any CPU
		{A33B69BE-0A35-448B-8717-D3A240627B00}.Release|iPhone.ActiveCfg = Release|Any CPU
		{A33B69BE-0A35-448B-8717-D3A240627B00}.Release|iPhone.Build.0 = Release|Any CPU
		{A33B69BE-0A35-448B-8717-D3A240627B00}.Release|iPhone.Deploy.0 = Release|Any CPU
		{A33B69BE-0A35-448B-8717-D3A240627B00}.Release|iPhoneSimulator.ActiveCfg = Release|Any CPU
		{A33B69BE-0A35-448B-8717-D3A240627B00}.Release|iPhoneSimulator.Build.0 = Release|Any CPU
		{A33B69BE-0A35-448B-8717-D3A240627B00}.Release|iPhoneSimulator.Deploy.0 = Release|Any CPU
		{A33B69BE-0A35-448B-8717-D3A240627B00}.Release|x64.ActiveCfg = Release|Any CPU
		{A33B69BE-0A35-448B-8717-D3A240627B00}.Release|x64.Build.0 = Release|Any CPU
		{A33B69BE-0A35-448B-8717-D3A240627B00}.Release|x64.Deploy.0 = Release|Any CPU
		{A33B69BE-0A35-448B-8717-D3A240627B00}.Release|x86.ActiveCfg = Release|Any CPU
		{A33B69BE-0A35-448B-8717-D3A240627B00}.Release|x86.Build.0 = Release|Any CPU
		{A33B69BE-0A35-448B-8717-D3A240627B00}.Release|x86.Deploy.0 = Release|Any CPU
		{C9514F8F-2960-4B48-A5C8-7A2384C1E0A8}.Ad-Hoc|Any CPU.ActiveCfg = Ad-Hoc|iPhone
		{C9514F8F-2960-4B48-A5C8-7A2384C1E0A8}.Ad-Hoc|ARM.ActiveCfg = Ad-Hoc|iPhone
		{C9514F8F-2960-4B48-A5C8-7A2384C1E0A8}.Ad-Hoc|iPhone.ActiveCfg = Ad-Hoc|iPhone
		{C9514F8F-2960-4B48-A5C8-7A2384C1E0A8}.Ad-Hoc|iPhone.Build.0 = Ad-Hoc|iPhone
		{C9514F8F-2960-4B48-A5C8-7A2384C1E0A8}.Ad-Hoc|iPhoneSimulator.ActiveCfg = Ad-Hoc|iPhoneSimulator
		{C9514F8F-2960-4B48-A5C8-7A2384C1E0A8}.Ad-Hoc|iPhoneSimulator.Build.0 = Ad-Hoc|iPhoneSimulator
		{C9514F8F-2960-4B48-A5C8-7A2384C1E0A8}.Ad-Hoc|x64.ActiveCfg = Ad-Hoc|iPhone
		{C9514F8F-2960-4B48-A5C8-7A2384C1E0A8}.Ad-Hoc|x86.ActiveCfg = Ad-Hoc|iPhone
		{C9514F8F-2960-4B48-A5C8-7A2384C1E0A8}.AppStore|Any CPU.ActiveCfg = AppStore|iPhone
		{C9514F8F-2960-4B48-A5C8-7A2384C1E0A8}.AppStore|ARM.ActiveCfg = AppStore|iPhone
		{C9514F8F-2960-4B48-A5C8-7A2384C1E0A8}.AppStore|iPhone.ActiveCfg = AppStore|iPhone
		{C9514F8F-2960-4B48-A5C8-7A2384C1E0A8}.AppStore|iPhone.Build.0 = AppStore|iPhone
		{C9514F8F-2960-4B48-A5C8-7A2384C1E0A8}.AppStore|iPhoneSimulator.ActiveCfg = AppStore|iPhoneSimulator
		{C9514F8F-2960-4B48-A5C8-7A2384C1E0A8}.AppStore|iPhoneSimulator.Build.0 = AppStore|iPhoneSimulator
		{C9514F8F-2960-4B48-A5C8-7A2384C1E0A8}.AppStore|x64.ActiveCfg = AppStore|iPhone
		{C9514F8F-2960-4B48-A5C8-7A2384C1E0A8}.AppStore|x86.ActiveCfg = AppStore|iPhone
		{C9514F8F-2960-4B48-A5C8-7A2384C1E0A8}.Debug|Any CPU.ActiveCfg = Debug|iPhone
		{C9514F8F-2960-4B48-A5C8-7A2384C1E0A8}.Debug|ARM.ActiveCfg = Debug|iPhone
		{C9514F8F-2960-4B48-A5C8-7A2384C1E0A8}.Debug|iPhone.ActiveCfg = Debug|iPhone
		{C9514F8F-2960-4B48-A5C8-7A2384C1E0A8}.Debug|iPhone.Build.0 = Debug|iPhone
		{C9514F8F-2960-4B48-A5C8-7A2384C1E0A8}.Debug|iPhoneSimulator.ActiveCfg = Debug|iPhoneSimulator
		{C9514F8F-2960-4B48-A5C8-7A2384C1E0A8}.Debug|iPhoneSimulator.Build.0 = Debug|iPhoneSimulator
		{C9514F8F-2960-4B48-A5C8-7A2384C1E0A8}.Debug|x64.ActiveCfg = Debug|iPhone
		{C9514F8F-2960-4B48-A5C8-7A2384C1E0A8}.Debug|x86.ActiveCfg = Debug|iPhone
		{C9514F8F-2960-4B48-A5C8-7A2384C1E0A8}.Release|Any CPU.ActiveCfg = Release|iPhone
		{C9514F8F-2960-4B48-A5C8-7A2384C1E0A8}.Release|ARM.ActiveCfg = Release|iPhone
		{C9514F8F-2960-4B48-A5C8-7A2384C1E0A8}.Release|iPhone.ActiveCfg = Release|iPhone
		{C9514F8F-2960-4B48-A5C8-7A2384C1E0A8}.Release|iPhone.Build.0 = Release|iPhone
		{C9514F8F-2960-4B48-A5C8-7A2384C1E0A8}.Release|iPhoneSimulator.ActiveCfg = Release|iPhoneSimulator
		{C9514F8F-2960-4B48-A5C8-7A2384C1E0A8}.Release|iPhoneSimulator.Build.0 = Release|iPhoneSimulator
		{C9514F8F-2960-4B48-A5C8-7A2384C1E0A8}.Release|x64.ActiveCfg = Release|iPhone
		{C9514F8F-2960-4B48-A5C8-7A2384C1E0A8}.Release|x86.ActiveCfg = Release|iPhone
		{D71FEB2F-6B43-46E7-AA1F-42656BF3E3A3}.Ad-Hoc|Any CPU.ActiveCfg = Release|x86
		{D71FEB2F-6B43-46E7-AA1F-42656BF3E3A3}.Ad-Hoc|Any CPU.Build.0 = Release|x86
		{D71FEB2F-6B43-46E7-AA1F-42656BF3E3A3}.Ad-Hoc|Any CPU.Deploy.0 = Release|x86
		{D71FEB2F-6B43-46E7-AA1F-42656BF3E3A3}.Ad-Hoc|ARM.ActiveCfg = Release|ARM
		{D71FEB2F-6B43-46E7-AA1F-42656BF3E3A3}.Ad-Hoc|ARM.Build.0 = Release|ARM
		{D71FEB2F-6B43-46E7-AA1F-42656BF3E3A3}.Ad-Hoc|ARM.Deploy.0 = Release|ARM
		{D71FEB2F-6B43-46E7-AA1F-42656BF3E3A3}.Ad-Hoc|iPhone.ActiveCfg = Release|x86
		{D71FEB2F-6B43-46E7-AA1F-42656BF3E3A3}.Ad-Hoc|iPhone.Build.0 = Release|x86
		{D71FEB2F-6B43-46E7-AA1F-42656BF3E3A3}.Ad-Hoc|iPhone.Deploy.0 = Release|x86
		{D71FEB2F-6B43-46E7-AA1F-42656BF3E3A3}.Ad-Hoc|iPhoneSimulator.ActiveCfg = Release|x86
		{D71FEB2F-6B43-46E7-AA1F-42656BF3E3A3}.Ad-Hoc|iPhoneSimulator.Build.0 = Release|x86
		{D71FEB2F-6B43-46E7-AA1F-42656BF3E3A3}.Ad-Hoc|iPhoneSimulator.Deploy.0 = Release|x86
		{D71FEB2F-6B43-46E7-AA1F-42656BF3E3A3}.Ad-Hoc|x64.ActiveCfg = Release|x64
		{D71FEB2F-6B43-46E7-AA1F-42656BF3E3A3}.Ad-Hoc|x64.Build.0 = Release|x64
		{D71FEB2F-6B43-46E7-AA1F-42656BF3E3A3}.Ad-Hoc|x64.Deploy.0 = Release|x64
		{D71FEB2F-6B43-46E7-AA1F-42656BF3E3A3}.Ad-Hoc|x86.ActiveCfg = Release|x86
		{D71FEB2F-6B43-46E7-AA1F-42656BF3E3A3}.Ad-Hoc|x86.Build.0 = Release|x86
		{D71FEB2F-6B43-46E7-AA1F-42656BF3E3A3}.Ad-Hoc|x86.Deploy.0 = Release|x86
		{D71FEB2F-6B43-46E7-AA1F-42656BF3E3A3}.AppStore|Any CPU.ActiveCfg = Release|x86
		{D71FEB2F-6B43-46E7-AA1F-42656BF3E3A3}.AppStore|Any CPU.Build.0 = Release|x86
		{D71FEB2F-6B43-46E7-AA1F-42656BF3E3A3}.AppStore|Any CPU.Deploy.0 = Release|x86
		{D71FEB2F-6B43-46E7-AA1F-42656BF3E3A3}.AppStore|ARM.ActiveCfg = Release|ARM
		{D71FEB2F-6B43-46E7-AA1F-42656BF3E3A3}.AppStore|ARM.Build.0 = Release|ARM
		{D71FEB2F-6B43-46E7-AA1F-42656BF3E3A3}.AppStore|ARM.Deploy.0 = Release|ARM
		{D71FEB2F-6B43-46E7-AA1F-42656BF3E3A3}.AppStore|iPhone.ActiveCfg = Release|x86
		{D71FEB2F-6B43-46E7-AA1F-42656BF3E3A3}.AppStore|iPhone.Build.0 = Release|x86
		{D71FEB2F-6B43-46E7-AA1F-42656BF3E3A3}.AppStore|iPhone.Deploy.0 = Release|x86
		{D71FEB2F-6B43-46E7-AA1F-42656BF3E3A3}.AppStore|iPhoneSimulator.ActiveCfg = Release|x86
		{D71FEB2F-6B43-46E7-AA1F-42656BF3E3A3}.AppStore|iPhoneSimulator.Build.0 = Release|x86
		{D71FEB2F-6B43-46E7-AA1F-42656BF3E3A3}.AppStore|iPhoneSimulator.Deploy.0 = Release|x86
		{D71FEB2F-6B43-46E7-AA1F-42656BF3E3A3}.AppStore|x64.ActiveCfg = Release|x64
		{D71FEB2F-6B43-46E7-AA1F-42656BF3E3A3}.AppStore|x64.Build.0 = Release|x64
		{D71FEB2F-6B43-46E7-AA1F-42656BF3E3A3}.AppStore|x64.Deploy.0 = Release|x64
		{D71FEB2F-6B43-46E7-AA1F-42656BF3E3A3}.AppStore|x86.ActiveCfg = Release|x86
		{D71FEB2F-6B43-46E7-AA1F-42656BF3E3A3}.AppStore|x86.Build.0 = Release|x86
		{D71FEB2F-6B43-46E7-AA1F-42656BF3E3A3}.AppStore|x86.Deploy.0 = Release|x86
		{D71FEB2F-6B43-46E7-AA1F-42656BF3E3A3}.Debug|Any CPU.ActiveCfg = Debug|x86
		{D71FEB2F-6B43-46E7-AA1F-42656BF3E3A3}.Debug|Any CPU.Build.0 = Debug|x86
		{D71FEB2F-6B43-46E7-AA1F-42656BF3E3A3}.Debug|Any CPU.Deploy.0 = Debug|x86
		{D71FEB2F-6B43-46E7-AA1F-42656BF3E3A3}.Debug|ARM.ActiveCfg = Debug|ARM
		{D71FEB2F-6B43-46E7-AA1F-42656BF3E3A3}.Debug|ARM.Build.0 = Debug|ARM
		{D71FEB2F-6B43-46E7-AA1F-42656BF3E3A3}.Debug|ARM.Deploy.0 = Debug|ARM
		{D71FEB2F-6B43-46E7-AA1F-42656BF3E3A3}.Debug|iPhone.ActiveCfg = Debug|x86
		{D71FEB2F-6B43-46E7-AA1F-42656BF3E3A3}.Debug|iPhoneSimulator.ActiveCfg = Debug|x86
		{D71FEB2F-6B43-46E7-AA1F-42656BF3E3A3}.Debug|x64.ActiveCfg = Debug|x64
		{D71FEB2F-6B43-46E7-AA1F-42656BF3E3A3}.Debug|x64.Build.0 = Debug|x64
		{D71FEB2F-6B43-46E7-AA1F-42656BF3E3A3}.Debug|x64.Deploy.0 = Debug|x64
		{D71FEB2F-6B43-46E7-AA1F-42656BF3E3A3}.Debug|x86.ActiveCfg = Debug|x86
		{D71FEB2F-6B43-46E7-AA1F-42656BF3E3A3}.Debug|x86.Build.0 = Debug|x86
		{D71FEB2F-6B43-46E7-AA1F-42656BF3E3A3}.Debug|x86.Deploy.0 = Debug|x86
		{D71FEB2F-6B43-46E7-AA1F-42656BF3E3A3}.Release|Any CPU.ActiveCfg = Release|x86
		{D71FEB2F-6B43-46E7-AA1F-42656BF3E3A3}.Release|ARM.ActiveCfg = Release|ARM
		{D71FEB2F-6B43-46E7-AA1F-42656BF3E3A3}.Release|ARM.Build.0 = Release|ARM
		{D71FEB2F-6B43-46E7-AA1F-42656BF3E3A3}.Release|ARM.Deploy.0 = Release|ARM
		{D71FEB2F-6B43-46E7-AA1F-42656BF3E3A3}.Release|iPhone.ActiveCfg = Release|x86
		{D71FEB2F-6B43-46E7-AA1F-42656BF3E3A3}.Release|iPhoneSimulator.ActiveCfg = Release|x86
		{D71FEB2F-6B43-46E7-AA1F-42656BF3E3A3}.Release|x64.ActiveCfg = Release|x64
		{D71FEB2F-6B43-46E7-AA1F-42656BF3E3A3}.Release|x64.Build.0 = Release|x64
		{D71FEB2F-6B43-46E7-AA1F-42656BF3E3A3}.Release|x64.Deploy.0 = Release|x64
		{D71FEB2F-6B43-46E7-AA1F-42656BF3E3A3}.Release|x86.ActiveCfg = Release|x86
		{D71FEB2F-6B43-46E7-AA1F-42656BF3E3A3}.Release|x86.Build.0 = Release|x86
		{D71FEB2F-6B43-46E7-AA1F-42656BF3E3A3}.Release|x86.Deploy.0 = Release|x86
		{020A0854-8260-4F30-A643-724DECC4CA40}.Ad-Hoc|Any CPU.ActiveCfg = Release|Any CPU
		{020A0854-8260-4F30-A643-724DECC4CA40}.Ad-Hoc|Any CPU.Build.0 = Release|Any CPU
		{020A0854-8260-4F30-A643-724DECC4CA40}.Ad-Hoc|ARM.ActiveCfg = Release|Any CPU
		{020A0854-8260-4F30-A643-724DECC4CA40}.Ad-Hoc|ARM.Build.0 = Release|Any CPU
		{020A0854-8260-4F30-A643-724DECC4CA40}.Ad-Hoc|iPhone.ActiveCfg = Release|Any CPU
		{020A0854-8260-4F30-A643-724DECC4CA40}.Ad-Hoc|iPhone.Build.0 = Release|Any CPU
		{020A0854-8260-4F30-A643-724DECC4CA40}.Ad-Hoc|iPhoneSimulator.ActiveCfg = Release|Any CPU
		{020A0854-8260-4F30-A643-724DECC4CA40}.Ad-Hoc|iPhoneSimulator.Build.0 = Release|Any CPU
		{020A0854-8260-4F30-A643-724DECC4CA40}.Ad-Hoc|x64.ActiveCfg = Release|Any CPU
		{020A0854-8260-4F30-A643-724DECC4CA40}.Ad-Hoc|x64.Build.0 = Release|Any CPU
		{020A0854-8260-4F30-A643-724DECC4CA40}.Ad-Hoc|x86.ActiveCfg = Release|Any CPU
		{020A0854-8260-4F30-A643-724DECC4CA40}.Ad-Hoc|x86.Build.0 = Release|Any CPU
		{020A0854-8260-4F30-A643-724DECC4CA40}.AppStore|Any CPU.ActiveCfg = Release|Any CPU
		{020A0854-8260-4F30-A643-724DECC4CA40}.AppStore|Any CPU.Build.0 = Release|Any CPU
		{020A0854-8260-4F30-A643-724DECC4CA40}.AppStore|ARM.ActiveCfg = Release|Any CPU
		{020A0854-8260-4F30-A643-724DECC4CA40}.AppStore|ARM.Build.0 = Release|Any CPU
		{020A0854-8260-4F30-A643-724DECC4CA40}.AppStore|iPhone.ActiveCfg = Release|Any CPU
		{020A0854-8260-4F30-A643-724DECC4CA40}.AppStore|iPhone.Build.0 = Release|Any CPU
		{020A0854-8260-4F30-A643-724DECC4CA40}.AppStore|iPhoneSimulator.ActiveCfg = Release|Any CPU
		{020A0854-8260-4F30-A643-724DECC4CA40}.AppStore|iPhoneSimulator.Build.0 = Release|Any CPU
		{020A0854-8260-4F30-A643-724DECC4CA40}.AppStore|x64.ActiveCfg = Release|Any CPU
		{020A0854-8260-4F30-A643-724DECC4CA40}.AppStore|x64.Build.0 = Release|Any CPU
		{020A0854-8260-4F30-A643-724DECC4CA40}.AppStore|x86.ActiveCfg = Release|Any CPU
		{020A0854-8260-4F30-A643-724DECC4CA40}.AppStore|x86.Build.0 = Release|Any CPU
		{020A0854-8260-4F30-A643-724DECC4CA40}.Debug|Any CPU.ActiveCfg = Debug|Any CPU
		{020A0854-8260-4F30-A643-724DECC4CA40}.Debug|Any CPU.Build.0 = Debug|Any CPU
		{020A0854-8260-4F30-A643-724DECC4CA40}.Debug|ARM.ActiveCfg = Debug|Any CPU
		{020A0854-8260-4F30-A643-724DECC4CA40}.Debug|ARM.Build.0 = Debug|Any CPU
		{020A0854-8260-4F30-A643-724DECC4CA40}.Debug|iPhone.ActiveCfg = Debug|Any CPU
		{020A0854-8260-4F30-A643-724DECC4CA40}.Debug|iPhone.Build.0 = Debug|Any CPU
		{020A0854-8260-4F30-A643-724DECC4CA40}.Debug|iPhoneSimulator.ActiveCfg = Debug|Any CPU
		{020A0854-8260-4F30-A643-724DECC4CA40}.Debug|iPhoneSimulator.Build.0 = Debug|Any CPU
		{020A0854-8260-4F30-A643-724DECC4CA40}.Debug|x64.ActiveCfg = Debug|Any CPU
		{020A0854-8260-4F30-A643-724DECC4CA40}.Debug|x64.Build.0 = Debug|Any CPU
		{020A0854-8260-4F30-A643-724DECC4CA40}.Debug|x86.ActiveCfg = Debug|Any CPU
		{020A0854-8260-4F30-A643-724DECC4CA40}.Debug|x86.Build.0 = Debug|Any CPU
		{020A0854-8260-4F30-A643-724DECC4CA40}.Release|Any CPU.ActiveCfg = Release|Any CPU
		{020A0854-8260-4F30-A643-724DECC4CA40}.Release|Any CPU.Build.0 = Release|Any CPU
		{020A0854-8260-4F30-A643-724DECC4CA40}.Release|ARM.ActiveCfg = Release|Any CPU
		{020A0854-8260-4F30-A643-724DECC4CA40}.Release|ARM.Build.0 = Release|Any CPU
		{020A0854-8260-4F30-A643-724DECC4CA40}.Release|iPhone.ActiveCfg = Release|Any CPU
		{020A0854-8260-4F30-A643-724DECC4CA40}.Release|iPhone.Build.0 = Release|Any CPU
		{020A0854-8260-4F30-A643-724DECC4CA40}.Release|iPhoneSimulator.ActiveCfg = Release|Any CPU
		{020A0854-8260-4F30-A643-724DECC4CA40}.Release|iPhoneSimulator.Build.0 = Release|Any CPU
		{020A0854-8260-4F30-A643-724DECC4CA40}.Release|x64.ActiveCfg = Release|Any CPU
		{020A0854-8260-4F30-A643-724DECC4CA40}.Release|x64.Build.0 = Release|Any CPU
		{020A0854-8260-4F30-A643-724DECC4CA40}.Release|x86.ActiveCfg = Release|Any CPU
		{020A0854-8260-4F30-A643-724DECC4CA40}.Release|x86.Build.0 = Release|Any CPU
	EndGlobalSection
	GlobalSection(SolutionProperties) = preSolution
		HideSolutionNode = FALSE
	EndGlobalSection
EndGlobal
